
Microsoft Visual Studio Solution File, Format Version 12.00
# Visual Studio Version 16
VisualStudioVersion = 16.0.31624.102
MinimumVisualStudioVersion = 10.0.40219.1
Project("{2150E333-8FDC-42A3-9474-1A3956D46DE8}") = "Services", "Services", "{F836353E-2363-4485-8E7F-E62558807E12}"
EndProject
Project("{2150E333-8FDC-42A3-9474-1A3956D46DE8}") = "Catalog", "Catalog", "{22010F21-75A8-4E65-B68F-B95CF28C8B9E}"
EndProject
Project("{9A19103F-16F7-4668-BE54-9A1E7A4F7556}") = "Catalog.API", "Services\Catalog\Catalog.API\Catalog.API.csproj", "{A86030A2-DEBE-43FB-AB4F-9BFE9F42C64E}"
EndProject
Project("{E53339B2-1760-4266-BCC7-CA923CBCF16C}") = "docker-compose", "docker-compose.dcproj", "{2CE2A66E-E8B0-4AD4-8156-91D7A02CF365}"
EndProject
Project("{2150E333-8FDC-42A3-9474-1A3956D46DE8}") = "Basket", "Basket", "{29BFF524-BBC9-4723-9FC1-BEC5ED5C9366}"
EndProject
Project("{9A19103F-16F7-4668-BE54-9A1E7A4F7556}") = "Basket.API", "Services\Basket\Basket.API\Basket.API.csproj", "{4F5DA236-0DCB-471B-BA86-668C9599C26E}"
EndProject
Project("{2150E333-8FDC-42A3-9474-1A3956D46DE8}") = "Discount", "Discount", "{16385CEF-B740-4751-B945-5F9A7517AF36}"
EndProject
Project("{9A19103F-16F7-4668-BE54-9A1E7A4F7556}") = "Discount.API", "Services\Discount\Discount.API\Discount.API.csproj", "{2B86916B-0690-47E3-A459-5B9EFA63F7F0}"
EndProject
Project("{FAE04EC0-301F-11D3-BF4B-00C04F79EFBC}") = "Discount.Grpc", "Services\Discount\Discount.Grpc\Discount.Grpc.csproj", "{62F5F519-6280-4F0E-AB35-106700ED4A88}"
EndProject
Global
	GlobalSection(SolutionConfigurationPlatforms) = preSolution
		Debug|Any CPU = Debug|Any CPU
		Release|Any CPU = Release|Any CPU
	EndGlobalSection
	GlobalSection(ProjectConfigurationPlatforms) = postSolution
		{A86030A2-DEBE-43FB-AB4F-9BFE9F42C64E}.Debug|Any CPU.ActiveCfg = Debug|Any CPU
		{A86030A2-DEBE-43FB-AB4F-9BFE9F42C64E}.Debug|Any CPU.Build.0 = Debug|Any CPU
		{A86030A2-DEBE-43FB-AB4F-9BFE9F42C64E}.Release|Any CPU.ActiveCfg = Release|Any CPU
		{A86030A2-DEBE-43FB-AB4F-9BFE9F42C64E}.Release|Any CPU.Build.0 = Release|Any CPU
		{2CE2A66E-E8B0-4AD4-8156-91D7A02CF365}.Debug|Any CPU.ActiveCfg = Debug|Any CPU
		{2CE2A66E-E8B0-4AD4-8156-91D7A02CF365}.Debug|Any CPU.Build.0 = Debug|Any CPU
		{2CE2A66E-E8B0-4AD4-8156-91D7A02CF365}.Release|Any CPU.ActiveCfg = Release|Any CPU
		{2CE2A66E-E8B0-4AD4-8156-91D7A02CF365}.Release|Any CPU.Build.0 = Release|Any CPU
		{4F5DA236-0DCB-471B-BA86-668C9599C26E}.Debug|Any CPU.ActiveCfg = Debug|Any CPU
		{4F5DA236-0DCB-471B-BA86-668C9599C26E}.Debug|Any CPU.Build.0 = Debug|Any CPU
		{4F5DA236-0DCB-471B-BA86-668C9599C26E}.Release|Any CPU.ActiveCfg = Release|Any CPU
		{4F5DA236-0DCB-471B-BA86-668C9599C26E}.Release|Any CPU.Build.0 = Release|Any CPU
		{2B86916B-0690-47E3-A459-5B9EFA63F7F0}.Debug|Any CPU.ActiveCfg = Debug|Any CPU
		{2B86916B-0690-47E3-A459-5B9EFA63F7F0}.Debug|Any CPU.Build.0 = Debug|Any CPU
		{2B86916B-0690-47E3-A459-5B9EFA63F7F0}.Release|Any CPU.ActiveCfg = Release|Any CPU
		{2B86916B-0690-47E3-A459-5B9EFA63F7F0}.Release|Any CPU.Build.0 = Release|Any CPU
		{62F5F519-6280-4F0E-AB35-106700ED4A88}.Debug|Any CPU.ActiveCfg = Debug|Any CPU
		{62F5F519-6280-4F0E-AB35-106700ED4A88}.Debug|Any CPU.Build.0 = Debug|Any CPU
		{62F5F519-6280-4F0E-AB35-106700ED4A88}.Release|Any CPU.ActiveCfg = Release|Any CPU
		{62F5F519-6280-4F0E-AB35-106700ED4A88}.Release|Any CPU.Build.0 = Release|Any CPU
	EndGlobalSection
	GlobalSection(SolutionProperties) = preSolution
		HideSolutionNode = FALSE
	EndGlobalSection
	GlobalSection(NestedProjects) = preSolution
		{22010F21-75A8-4E65-B68F-B95CF28C8B9E} = {F836353E-2363-4485-8E7F-E62558807E12}
		{A86030A2-DEBE-43FB-AB4F-9BFE9F42C64E} = {22010F21-75A8-4E65-B68F-B95CF28C8B9E}
		{29BFF524-BBC9-4723-9FC1-BEC5ED5C9366} = {F836353E-2363-4485-8E7F-E62558807E12}
		{4F5DA236-0DCB-471B-BA86-668C9599C26E} = {29BFF524-BBC9-4723-9FC1-BEC5ED5C9366}
		{16385CEF-B740-4751-B945-5F9A7517AF36} = {F836353E-2363-4485-8E7F-E62558807E12}
		{2B86916B-0690-47E3-A459-5B9EFA63F7F0} = {16385CEF-B740-4751-B945-5F9A7517AF36}
		{62F5F519-6280-4F0E-AB35-106700ED4A88} = {16385CEF-B740-4751-B945-5F9A7517AF36}
	EndGlobalSection
	GlobalSection(ExtensibilityGlobals) = postSolution
		SolutionGuid = {CD864EED-2E95-4F32-8310-040081FD97E1}
	EndGlobalSection
EndGlobal
