
Microsoft Visual Studio Solution File, Format Version 12.00
# Visual Studio Version 16
VisualStudioVersion = 16.0.31624.102
MinimumVisualStudioVersion = 10.0.40219.1
Project("{2150E333-8FDC-42A3-9474-1A3956D46DE8}") = "Services", "Services", "{F836353E-2363-4485-8E7F-E62558807E12}"
EndProject
Project("{2150E333-8FDC-42A3-9474-1A3956D46DE8}") = "Catalog", "Catalog", "{22010F21-75A8-4E65-B68F-B95CF28C8B9E}"
EndProject
Project("{FAE04EC0-301F-11D3-BF4B-00C04F79EFBC}") = "Catalog.API", "Services\Catalog\Catalog.API\Catalog.API.csproj", "{A86030A2-DEBE-43FB-AB4F-9BFE9F42C64E}"
EndProject
Global
	GlobalSection(SolutionConfigurationPlatforms) = preSolution
		Debug|Any CPU = Debug|Any CPU
		Release|Any CPU = Release|Any CPU
	EndGlobalSection
	GlobalSection(ProjectConfigurationPlatforms) = postSolution
		{A86030A2-DEBE-43FB-AB4F-9BFE9F42C64E}.Debug|Any CPU.ActiveCfg = Debug|Any CPU
		{A86030A2-DEBE-43FB-AB4F-9BFE9F42C64E}.Debug|Any CPU.Build.0 = Debug|Any CPU
		{A86030A2-DEBE-43FB-AB4F-9BFE9F42C64E}.Release|Any CPU.ActiveCfg = Release|Any CPU
		{A86030A2-DEBE-43FB-AB4F-9BFE9F42C64E}.Release|Any CPU.Build.0 = Release|Any CPU
	EndGlobalSection
	GlobalSection(SolutionProperties) = preSolution
		HideSolutionNode = FALSE
	EndGlobalSection
	GlobalSection(NestedProjects) = preSolution
		{22010F21-75A8-4E65-B68F-B95CF28C8B9E} = {F836353E-2363-4485-8E7F-E62558807E12}
		{A86030A2-DEBE-43FB-AB4F-9BFE9F42C64E} = {22010F21-75A8-4E65-B68F-B95CF28C8B9E}
	EndGlobalSection
	GlobalSection(ExtensibilityGlobals) = postSolution
		SolutionGuid = {CD864EED-2E95-4F32-8310-040081FD97E1}
	EndGlobalSection
EndGlobal
